
Microsoft Visual Studio Solution File, Format Version 12.00
# Visual Studio Version 16
VisualStudioVersion = 16.0.29326.143
MinimumVisualStudioVersion = 10.0.40219.1
Project("{FAE04EC0-301F-11D3-BF4B-00C04F79EFBC}") = "EatingMonster", "EatingMonster\EatingMonster.csproj", "{7097BE68-4B87-432B-AA6E-8367A89B09AA}"
EndProject
Global
	GlobalSection(SolutionConfigurationPlatforms) = preSolution
		Debug|Any CPU = Debug|Any CPU
		Release|Any CPU = Release|Any CPU
	EndGlobalSection
	GlobalSection(ProjectConfigurationPlatforms) = postSolution
		{7097BE68-4B87-432B-AA6E-8367A89B09AA}.Debug|Any CPU.ActiveCfg = Debug|Any CPU
		{7097BE68-4B87-432B-AA6E-8367A89B09AA}.Debug|Any CPU.Build.0 = Debug|Any CPU
		{7097BE68-4B87-432B-AA6E-8367A89B09AA}.Release|Any CPU.ActiveCfg = Release|Any CPU
		{7097BE68-4B87-432B-AA6E-8367A89B09AA}.Release|Any CPU.Build.0 = Release|Any CPU
	EndGlobalSection
	GlobalSection(SolutionProperties) = preSolution
		HideSolutionNode = FALSE
	EndGlobalSection
	GlobalSection(ExtensibilityGlobals) = postSolution
		SolutionGuid = {B81DB1C9-A4C6-4ADB-A2C4-F36C4128DCC0}
	EndGlobalSection
EndGlobal
